
Microsoft Visual Studio Solution File, Format Version 12.00
# Visual Studio Version 17
VisualStudioVersion = 17.5.002.0
MinimumVisualStudioVersion = 10.0.40219.1
Project("{9A19103F-16F7-4668-BE54-9A1E7A4F7556}") = "05", "05.csproj", "{51474C79-D97E-4DE2-B764-DA9FAFF5DD00}"
EndProject
Global
	GlobalSection(SolutionConfigurationPlatforms) = preSolution
		Debug|Any CPU = Debug|Any CPU
		Release|Any CPU = Release|Any CPU
	EndGlobalSection
	GlobalSection(ProjectConfigurationPlatforms) = postSolution
		{51474C79-D97E-4DE2-B764-DA9FAFF5DD00}.Debug|Any CPU.ActiveCfg = Debug|Any CPU
		{51474C79-D97E-4DE2-B764-DA9FAFF5DD00}.Debug|Any CPU.Build.0 = Debug|Any CPU
		{51474C79-D97E-4DE2-B764-DA9FAFF5DD00}.Release|Any CPU.ActiveCfg = Release|Any CPU
		{51474C79-D97E-4DE2-B764-DA9FAFF5DD00}.Release|Any CPU.Build.0 = Release|Any CPU
	EndGlobalSection
	GlobalSection(SolutionProperties) = preSolution
		HideSolutionNode = FALSE
	EndGlobalSection
	GlobalSection(ExtensibilityGlobals) = postSolution
		SolutionGuid = {03082A8B-41BA-46AF-9B72-6ABA5E9E2E6F}
	EndGlobalSection
EndGlobal
